
Microsoft Visual Studio Solution File, Format Version 12.00
# Visual Studio Version 17
VisualStudioVersion = 17.10.35013.160
MinimumVisualStudioVersion = 10.0.40219.1
Project("{FAE04EC0-301F-11D3-BF4B-00C04F79EFBC}") = "ProjectMonitoring", "ProjectMonitoring.csproj", "{4B125709-C29A-4BBE-9EBA-21B8AB3D56DB}"
EndProject
Global
	GlobalSection(SolutionConfigurationPlatforms) = preSolution
		Debug|Any CPU = Debug|Any CPU
		Release|Any CPU = Release|Any CPU
	EndGlobalSection
	GlobalSection(ProjectConfigurationPlatforms) = postSolution
		{4B125709-C29A-4BBE-9EBA-21B8AB3D56DB}.Debug|Any CPU.ActiveCfg = Debug|Any CPU
		{4B125709-C29A-4BBE-9EBA-21B8AB3D56DB}.Debug|Any CPU.Build.0 = Debug|Any CPU
		{4B125709-C29A-4BBE-9EBA-21B8AB3D56DB}.Release|Any CPU.ActiveCfg = Release|Any CPU
		{4B125709-C29A-4BBE-9EBA-21B8AB3D56DB}.Release|Any CPU.Build.0 = Release|Any CPU
	EndGlobalSection
	GlobalSection(SolutionProperties) = preSolution
		HideSolutionNode = FALSE
	EndGlobalSection
	GlobalSection(ExtensibilityGlobals) = postSolution
		SolutionGuid = {823E4689-62BD-4BF0-A460-3AA6F3C1EE33}
	EndGlobalSection
EndGlobal
